# THIS IS AN AUTOGENERATED FILE. DO NOT EDIT THIS FILE DIRECTLY.
# yarn lockfile v1


esbuild-wasm@^0.14.38:
  version "0.14.38"
  resolved "https://registry.yarnpkg.com/esbuild-wasm/-/esbuild-wasm-0.14.38.tgz#76a347f3e12d2ddd72f20fee0a43c3aee2c81665"
  integrity sha512-mObTw5/3+KIOTShVgk3fuEn+INnHgOSbWJuGkInEZTWpUOh/+TCSgRxl5cDon4OkoaLU5rWm7R7Dkl/mJv8SGw==

path-browserify@^1.0.1:
  version "1.0.1"
  resolved "https://registry.yarnpkg.com/path-browserify/-/path-browserify-1.0.1.tgz#d98454a9c3753d5790860f16f68867b9e46be1fd"
  integrity sha512-b7uo2UCUOYZcnF/3ID0lulOJi/bafxa1xPe7ZPsammBSpjSWQkjNxlt635YGS2MiR9GjvuXCtz2emr3jbsz98g==

prettier@^2.6.2:
  version "2.6.2"
  resolved "https://registry.yarnpkg.com/prettier/-/prettier-2.6.2.tgz#e26d71a18a74c3d0f0597f55f01fb6c06c206032"
  integrity sha512-PkUpF+qoXTqhOeWL9fu7As8LXsIUZ1WYaJiY/a7McAQzxjk82OF0tibkFXVCDImZtWxbvojFjerkiLb0/q8mew==
